
Microsoft Visual Studio Solution File, Format Version 12.00
# Visual Studio 15
VisualStudioVersion = 15.0.28010.2036
MinimumVisualStudioVersion = 10.0.40219.1
Project("{9A19103F-16F7-4668-BE54-9A1E7A4F7556}") = "SchedulingMVCAppReedJ", "SchedulingMVCAppReedJ\SchedulingMVCAppReedJ.csproj", "{478109A7-CF85-42D0-8652-BAE919AA2219}"
EndProject
Project("{FAE04EC0-301F-11D3-BF4B-00C04F79EFBC}") = "SchedulingTests", "SchedulingTests\SchedulingTests.csproj", "{D2D07F35-2595-4833-B273-995861CE1BBD}"
EndProject
Global
	GlobalSection(SolutionConfigurationPlatforms) = preSolution
		Debug|Any CPU = Debug|Any CPU
		Release|Any CPU = Release|Any CPU
	EndGlobalSection
	GlobalSection(ProjectConfigurationPlatforms) = postSolution
		{478109A7-CF85-42D0-8652-BAE919AA2219}.Debug|Any CPU.ActiveCfg = Debug|Any CPU
		{478109A7-CF85-42D0-8652-BAE919AA2219}.Debug|Any CPU.Build.0 = Debug|Any CPU
		{478109A7-CF85-42D0-8652-BAE919AA2219}.Release|Any CPU.ActiveCfg = Release|Any CPU
		{478109A7-CF85-42D0-8652-BAE919AA2219}.Release|Any CPU.Build.0 = Release|Any CPU
		{D2D07F35-2595-4833-B273-995861CE1BBD}.Debug|Any CPU.ActiveCfg = Debug|Any CPU
		{D2D07F35-2595-4833-B273-995861CE1BBD}.Debug|Any CPU.Build.0 = Debug|Any CPU
		{D2D07F35-2595-4833-B273-995861CE1BBD}.Release|Any CPU.ActiveCfg = Release|Any CPU
		{D2D07F35-2595-4833-B273-995861CE1BBD}.Release|Any CPU.Build.0 = Release|Any CPU
	EndGlobalSection
	GlobalSection(SolutionProperties) = preSolution
		HideSolutionNode = FALSE
	EndGlobalSection
	GlobalSection(ExtensibilityGlobals) = postSolution
		SolutionGuid = {28037BC6-AF11-4E29-BBE3-9FFD7617808D}
	EndGlobalSection
EndGlobal
